// !$*UTF8*$!
{
	archiveVersion = 1;
	classes = {
	};
	objectVersion = 56;
	objects = {

/* Begin PBXBuildFile section */
		E32BCBEE2C148D1F000EC75C /* AppDelegate.swift in Sources */ = {isa = PBXBuildFile; fileRef = E32BCBED2C148D1F000EC75C /* AppDelegate.swift */; };
		E32BCBF02C148D1F000EC75C /* SceneDelegate.swift in Sources */ = {isa = PBXBuildFile; fileRef = E32BCBEF2C148D1F000EC75C /* SceneDelegate.swift */; };
		E32BCBF22C148D1F000EC75C /* ViewController.swift in Sources */ = {isa = PBXBuildFile; fileRef = E32BCBF12C148D1F000EC75C /* ViewController.swift */; };
		E32BCBF72C148D21000EC75C /* Assets.xcassets in Resources */ = {isa = PBXBuildFile; fileRef = E32BCBF62C148D21000EC75C /* Assets.xcassets */; };
		E32BCBFA2C148D21000EC75C /* LaunchScreen.storyboard in Resources */ = {isa = PBXBuildFile; fileRef = E32BCBF82C148D21000EC75C /* LaunchScreen.storyboard */; };
		E32BCC062C148F1E000EC75C /* MainViewCell.swift in Sources */ = {isa = PBXBuildFile; fileRef = E32BCC052C148F1E000EC75C /* MainViewCell.swift */; };
		E32BCC0B2C1490FB000EC75C /* Constraints.swift in Sources */ = {isa = PBXBuildFile; fileRef = E32BCC0A2C1490FB000EC75C /* Constraints.swift */; };
		E39C67002C162897001EBB8E /* MenuInfo.swift in Sources */ = {isa = PBXBuildFile; fileRef = E39C66FF2C162897001EBB8E /* MenuInfo.swift */; };
		E39C67082C162B2C001EBB8E /* Andika-Bold.ttf in Resources */ = {isa = PBXBuildFile; fileRef = E39C67042C162B2C001EBB8E /* Andika-Bold.ttf */; };
		E39C67092C162B2C001EBB8E /* Andika-Regular.ttf in Resources */ = {isa = PBXBuildFile; fileRef = E39C67052C162B2C001EBB8E /* Andika-Regular.ttf */; };
		E39C670A2C162B2C001EBB8E /* Andika-BoldItalic.ttf in Resources */ = {isa = PBXBuildFile; fileRef = E39C67062C162B2C001EBB8E /* Andika-BoldItalic.ttf */; };
		E39C670B2C162B2C001EBB8E /* Andika-Italic.ttf in Resources */ = {isa = PBXBuildFile; fileRef = E39C67072C162B2C001EBB8E /* Andika-Italic.ttf */; };
		E39C670D2C162BC5001EBB8E /* UIFonts+Extansion.swift in Sources */ = {isa = PBXBuildFile; fileRef = E39C670C2C162BC5001EBB8E /* UIFonts+Extansion.swift */; };
		E39C670F2C162CAF001EBB8E /* UIColor+Extension.swift in Sources */ = {isa = PBXBuildFile; fileRef = E39C670E2C162CAF001EBB8E /* UIColor+Extension.swift */; };
		E39C67122C162CDF001EBB8E /* SnapKit in Frameworks */ = {isa = PBXBuildFile; productRef = E39C67112C162CDF001EBB8E /* SnapKit */; };
		E39C67142C162CDF001EBB8E /* SnapKit-Dynamic in Frameworks */ = {isa = PBXBuildFile; productRef = E39C67132C162CDF001EBB8E /* SnapKit-Dynamic */; };
		E39C67172C164B83001EBB8E /* HeaderView.swift in Sources */ = {isa = PBXBuildFile; fileRef = E39C67162C164B83001EBB8E /* HeaderView.swift */; };
		E39C671F2C165563001EBB8E /* Item Info.swift in Sources */ = {isa = PBXBuildFile; fileRef = E39C671E2C165563001EBB8E /* Item Info.swift */; };
		E39C67212C1656EB001EBB8E /* SelectedItemViewController.swift in Sources */ = {isa = PBXBuildFile; fileRef = E39C67202C1656EB001EBB8E /* SelectedItemViewController.swift */; };
		E3BFFD8D2C16EF74003FD556 /* OrderApprovViewController.swift in Sources */ = {isa = PBXBuildFile; fileRef = E3BFFD8C2C16EF74003FD556 /* OrderApprovViewController.swift */; };
		E3BFFD902C1703A1003FD556 /* UIGradient+Extansion.swift in Sources */ = {isa = PBXBuildFile; fileRef = E3BFFD8F2C1703A1003FD556 /* UIGradient+Extansion.swift */; };
		E3F8E8FA2C1791F500F9E56C /* ImageCell.swift in Sources */ = {isa = PBXBuildFile; fileRef = E3F8E8F92C1791F500F9E56C /* ImageCell.swift */; };
		E3F8E8FD2C1794D000F9E56C /* LabelViewCell.swift in Sources */ = {isa = PBXBuildFile; fileRef = E3F8E8FC2C1794D000F9E56C /* LabelViewCell.swift */; };
		E3F8E9002C1799A100F9E56C /* CountPriceCell.swift in Sources */ = {isa = PBXBuildFile; fileRef = E3F8E8FF2C1799A100F9E56C /* CountPriceCell.swift */; };
/* End PBXBuildFile section */

/* Begin PBXFileReference section */
		E32BCBEA2C148D1F000EC75C /* Project 28 გიორგი მაჩაბლიშვილი.app */ = {isa = PBXFileReference; explicitFileType = wrapper.application; includeInIndex = 0; path = "Project 28 გიორგი მაჩაბლიშვილი.app"; sourceTree = BUILT_PRODUCTS_DIR; };
		E32BCBED2C148D1F000EC75C /* AppDelegate.swift */ = {isa = PBXFileReference; lastKnownFileType = sourcecode.swift; path = AppDelegate.swift; sourceTree = "<group>"; };
		E32BCBEF2C148D1F000EC75C /* SceneDelegate.swift */ = {isa = PBXFileReference; lastKnownFileType = sourcecode.swift; path = SceneDelegate.swift; sourceTree = "<group>"; };
		E32BCBF12C148D1F000EC75C /* ViewController.swift */ = {isa = PBXFileReference; lastKnownFileType = sourcecode.swift; path = ViewController.swift; sourceTree = "<group>"; };
		E32BCBF62C148D21000EC75C /* Assets.xcassets */ = {isa = PBXFileReference; lastKnownFileType = folder.assetcatalog; path = Assets.xcassets; sourceTree = "<group>"; };
		E32BCBF92C148D21000EC75C /* Base */ = {isa = PBXFileReference; lastKnownFileType = file.storyboard; name = Base; path = Base.lproj/LaunchScreen.storyboard; sourceTree = "<group>"; };
		E32BCBFB2C148D21000EC75C /* Info.plist */ = {isa = PBXFileReference; lastKnownFileType = text.plist.xml; path = Info.plist; sourceTree = "<group>"; };
		E32BCC052C148F1E000EC75C /* MainViewCell.swift */ = {isa = PBXFileReference; lastKnownFileType = sourcecode.swift; path = MainViewCell.swift; sourceTree = "<group>"; };
		E32BCC0A2C1490FB000EC75C /* Constraints.swift */ = {isa = PBXFileReference; lastKnownFileType = sourcecode.swift; path = Constraints.swift; sourceTree = "<group>"; };
		E39C66FF2C162897001EBB8E /* MenuInfo.swift */ = {isa = PBXFileReference; lastKnownFileType = sourcecode.swift; path = MenuInfo.swift; sourceTree = "<group>"; };
		E39C67042C162B2C001EBB8E /* Andika-Bold.ttf */ = {isa = PBXFileReference; lastKnownFileType = file; path = "Andika-Bold.ttf"; sourceTree = "<group>"; };
		E39C67052C162B2C001EBB8E /* Andika-Regular.ttf */ = {isa = PBXFileReference; lastKnownFileType = file; path = "Andika-Regular.ttf"; sourceTree = "<group>"; };
		E39C67062C162B2C001EBB8E /* Andika-BoldItalic.ttf */ = {isa = PBXFileReference; lastKnownFileType = file; path = "Andika-BoldItalic.ttf"; sourceTree = "<group>"; };
		E39C67072C162B2C001EBB8E /* Andika-Italic.ttf */ = {isa = PBXFileReference; lastKnownFileType = file; path = "Andika-Italic.ttf"; sourceTree = "<group>"; };
		E39C670C2C162BC5001EBB8E /* UIFonts+Extansion.swift */ = {isa = PBXFileReference; lastKnownFileType = sourcecode.swift; path = "UIFonts+Extansion.swift"; sourceTree = "<group>"; };
		E39C670E2C162CAF001EBB8E /* UIColor+Extension.swift */ = {isa = PBXFileReference; lastKnownFileType = sourcecode.swift; path = "UIColor+Extension.swift"; sourceTree = "<group>"; };
		E39C67162C164B83001EBB8E /* HeaderView.swift */ = {isa = PBXFileReference; lastKnownFileType = sourcecode.swift; path = HeaderView.swift; sourceTree = "<group>"; };
		E39C671E2C165563001EBB8E /* Item Info.swift */ = {isa = PBXFileReference; lastKnownFileType = sourcecode.swift; path = "Item Info.swift"; sourceTree = "<group>"; };
		E39C67202C1656EB001EBB8E /* SelectedItemViewController.swift */ = {isa = PBXFileReference; lastKnownFileType = sourcecode.swift; path = SelectedItemViewController.swift; sourceTree = "<group>"; };
		E3BFFD8C2C16EF74003FD556 /* OrderApprovViewController.swift */ = {isa = PBXFileReference; lastKnownFileType = sourcecode.swift; path = OrderApprovViewController.swift; sourceTree = "<group>"; };
		E3BFFD8F2C1703A1003FD556 /* UIGradient+Extansion.swift */ = {isa = PBXFileReference; lastKnownFileType = sourcecode.swift; path = "UIGradient+Extansion.swift"; sourceTree = "<group>"; };
		E3F8E8F92C1791F500F9E56C /* ImageCell.swift */ = {isa = PBXFileReference; lastKnownFileType = sourcecode.swift; path = ImageCell.swift; sourceTree = "<group>"; };
		E3F8E8FC2C1794D000F9E56C /* LabelViewCell.swift */ = {isa = PBXFileReference; lastKnownFileType = sourcecode.swift; path = LabelViewCell.swift; sourceTree = "<group>"; };
		E3F8E8FF2C1799A100F9E56C /* CountPriceCell.swift */ = {isa = PBXFileReference; lastKnownFileType = sourcecode.swift; path = CountPriceCell.swift; sourceTree = "<group>"; };
/* End PBXFileReference section */

/* Begin PBXFrameworksBuildPhase section */
		E32BCBE72C148D1F000EC75C /* Frameworks */ = {
			isa = PBXFrameworksBuildPhase;
			buildActionMask = 2147483647;
			files = (
				E39C67122C162CDF001EBB8E /* SnapKit in Frameworks */,
				E39C67142C162CDF001EBB8E /* SnapKit-Dynamic in Frameworks */,
			);
			runOnlyForDeploymentPostprocessing = 0;
		};
/* End PBXFrameworksBuildPhase section */

/* Begin PBXGroup section */
		E32BCBE12C148D1F000EC75C = {
			isa = PBXGroup;
			children = (
				E32BCBEC2C148D1F000EC75C /* Project 28 გიორგი მაჩაბლიშვილი */,
				E32BCBEB2C148D1F000EC75C /* Products */,
			);
			sourceTree = "<group>";
		};
		E32BCBEB2C148D1F000EC75C /* Products */ = {
			isa = PBXGroup;
			children = (
				E32BCBEA2C148D1F000EC75C /* Project 28 გიორგი მაჩაბლიშვილი.app */,
			);
			name = Products;
			sourceTree = "<group>";
		};
		E32BCBEC2C148D1F000EC75C /* Project 28 გიორგი მაჩაბლიშვილი */ = {
			isa = PBXGroup;
			children = (
				E32BCC012C148D7D000EC75C /* App */,
				E32BCC022C148E8C000EC75C /* Scenes */,
				E39C67232C1658EC001EBB8E /* Selected Items */,
				E3BFFD8E2C16EF7D003FD556 /* Order Approve View */,
				E32BCC072C14906F000EC75C /* Domain */,
				E39C67012C16294D001EBB8E /* Resources */,
				E32BCBFB2C148D21000EC75C /* Info.plist */,
			);
			path = "Project 28 გიორგი მაჩაბლიშვილი";
			sourceTree = "<group>";
		};
		E32BCC012C148D7D000EC75C /* App */ = {
			isa = PBXGroup;
			children = (
				E32BCBED2C148D1F000EC75C /* AppDelegate.swift */,
				E32BCBEF2C148D1F000EC75C /* SceneDelegate.swift */,
			);
			path = App;
			sourceTree = "<group>";
		};
		E32BCC022C148E8C000EC75C /* Scenes */ = {
			isa = PBXGroup;
			children = (
				E32BCC042C148EE4000EC75C /* Main View */,
			);
			path = Scenes;
			sourceTree = "<group>";
		};
		E32BCC032C148ED1000EC75C /* View Controller */ = {
			isa = PBXGroup;
			children = (
				E32BCBF12C148D1F000EC75C /* ViewController.swift */,
			);
			path = "View Controller";
			sourceTree = "<group>";
		};
		E32BCC042C148EE4000EC75C /* Main View */ = {
			isa = PBXGroup;
			children = (
				E39C67152C164B5E001EBB8E /* Header View */,
				E32BCC032C148ED1000EC75C /* View Controller */,
				E39C67182C165467001EBB8E /* Main View Cell */,
			);
			path = "Main View";
			sourceTree = "<group>";
		};
		E32BCC072C14906F000EC75C /* Domain */ = {
			isa = PBXGroup;
			children = (
				E32BCC082C149077000EC75C /* Models */,
			);
			path = Domain;
			sourceTree = "<group>";
		};
		E32BCC082C149077000EC75C /* Models */ = {
			isa = PBXGroup;
			children = (
				E39C67192C165496001EBB8E /* Main Menu Info */,
				E39C671D2C165531001EBB8E /* Selected Item Info */,
			);
			path = Models;
			sourceTree = "<group>";
		};
		E32BCC092C1490CB000EC75C /* Helper */ = {
			isa = PBXGroup;
			children = (
				E32BCC0A2C1490FB000EC75C /* Constraints.swift */,
			);
			path = Helper;
			sourceTree = "<group>";
		};
		E39C67012C16294D001EBB8E /* Resources */ = {
			isa = PBXGroup;
			children = (
				E39C67032C162B04001EBB8E /* Fonts */,
				E39C67022C162A87001EBB8E /* Extension */,
				E32BCC092C1490CB000EC75C /* Helper */,
				E32BCBF62C148D21000EC75C /* Assets.xcassets */,
				E32BCBF82C148D21000EC75C /* LaunchScreen.storyboard */,
			);
			path = Resources;
			sourceTree = "<group>";
		};
		E39C67022C162A87001EBB8E /* Extension */ = {
			isa = PBXGroup;
			children = (
				E39C670C2C162BC5001EBB8E /* UIFonts+Extansion.swift */,
				E39C670E2C162CAF001EBB8E /* UIColor+Extension.swift */,
				E3BFFD8F2C1703A1003FD556 /* UIGradient+Extansion.swift */,
			);
			path = Extension;
			sourceTree = "<group>";
		};
		E39C67032C162B04001EBB8E /* Fonts */ = {
			isa = PBXGroup;
			children = (
				E39C67042C162B2C001EBB8E /* Andika-Bold.ttf */,
				E39C67062C162B2C001EBB8E /* Andika-BoldItalic.ttf */,
				E39C67072C162B2C001EBB8E /* Andika-Italic.ttf */,
				E39C67052C162B2C001EBB8E /* Andika-Regular.ttf */,
			);
			path = Fonts;
			sourceTree = "<group>";
		};
		E39C67152C164B5E001EBB8E /* Header View */ = {
			isa = PBXGroup;
			children = (
				E39C67162C164B83001EBB8E /* HeaderView.swift */,
			);
			path = "Header View";
			sourceTree = "<group>";
		};
		E39C67182C165467001EBB8E /* Main View Cell */ = {
			isa = PBXGroup;
			children = (
				E32BCC052C148F1E000EC75C /* MainViewCell.swift */,
			);
			path = "Main View Cell";
			sourceTree = "<group>";
		};
		E39C67192C165496001EBB8E /* Main Menu Info */ = {
			isa = PBXGroup;
			children = (
				E39C66FF2C162897001EBB8E /* MenuInfo.swift */,
			);
			path = "Main Menu Info";
			sourceTree = "<group>";
		};
		E39C671A2C1654D2001EBB8E /* Selected Items Controller */ = {
			isa = PBXGroup;
			children = (
				E39C67202C1656EB001EBB8E /* SelectedItemViewController.swift */,
			);
			path = "Selected Items Controller";
			sourceTree = "<group>";
		};
		E39C671D2C165531001EBB8E /* Selected Item Info */ = {
			isa = PBXGroup;
			children = (
				E39C671E2C165563001EBB8E /* Item Info.swift */,
			);
			path = "Selected Item Info";
			sourceTree = "<group>";
		};
		E39C67232C1658EC001EBB8E /* Selected Items */ = {
			isa = PBXGroup;
			children = (
				E3F8E8F82C1790BF00F9E56C /* Image View Cell */,
				E3F8E8FB2C17948600F9E56C /* Label View Cell */,
				E3F8E8FE2C17995F00F9E56C /* Count Price View Cell */,
				E39C671A2C1654D2001EBB8E /* Selected Items Controller */,
			);
			path = "Selected Items";
			sourceTree = "<group>";
		};
		E3BFFD8E2C16EF7D003FD556 /* Order Approve View */ = {
			isa = PBXGroup;
			children = (
				E3BFFD8C2C16EF74003FD556 /* OrderApprovViewController.swift */,
			);
			path = "Order Approve View";
			sourceTree = "<group>";
		};
		E3F8E8F82C1790BF00F9E56C /* Image View Cell */ = {
			isa = PBXGroup;
			children = (
				E3F8E8F92C1791F500F9E56C /* ImageCell.swift */,
			);
			path = "Image View Cell";
			sourceTree = "<group>";
		};
		E3F8E8FB2C17948600F9E56C /* Label View Cell */ = {
			isa = PBXGroup;
			children = (
				E3F8E8FC2C1794D000F9E56C /* LabelViewCell.swift */,
			);
			path = "Label View Cell";
			sourceTree = "<group>";
		};
		E3F8E8FE2C17995F00F9E56C /* Count Price View Cell */ = {
			isa = PBXGroup;
			children = (
				E3F8E8FF2C1799A100F9E56C /* CountPriceCell.swift */,
			);
			path = "Count Price View Cell";
			sourceTree = "<group>";
		};
/* End PBXGroup section */

/* Begin PBXNativeTarget section */
		E32BCBE92C148D1F000EC75C /* Project 28 გიორგი მაჩაბლიშვილი */ = {
			isa = PBXNativeTarget;
			buildConfigurationList = E32BCBFE2C148D21000EC75C /* Build configuration list for PBXNativeTarget "Project 28 გიორგი მაჩაბლიშვილი" */;
			buildPhases = (
				E32BCBE62C148D1F000EC75C /* Sources */,
				E32BCBE72C148D1F000EC75C /* Frameworks */,
				E32BCBE82C148D1F000EC75C /* Resources */,
			);
			buildRules = (
			);
			dependencies = (
			);
			name = "Project 28 გიორგი მაჩაბლიშვილი";
			packageProductDependencies = (
				E39C67112C162CDF001EBB8E /* SnapKit */,
				E39C67132C162CDF001EBB8E /* SnapKit-Dynamic */,
			);
			productName = "Project 28 გიორგი მაჩაბლიშვილი";
			productReference = E32BCBEA2C148D1F000EC75C /* Project 28 გიორგი მაჩაბლიშვილი.app */;
			productType = "com.apple.product-type.application";
		};
/* End PBXNativeTarget section */

/* Begin PBXProject section */
		E32BCBE22C148D1F000EC75C /* Project object */ = {
			isa = PBXProject;
			attributes = {
				BuildIndependentTargetsInParallel = 1;
				LastSwiftUpdateCheck = 1520;
				LastUpgradeCheck = 1520;
				TargetAttributes = {
					E32BCBE92C148D1F000EC75C = {
						CreatedOnToolsVersion = 15.2;
					};
				};
			};
			buildConfigurationList = E32BCBE52C148D1F000EC75C /* Build configuration list for PBXProject "Project 28 გიორგი მაჩაბლიშვილი" */;
			compatibilityVersion = "Xcode 14.0";
			developmentRegion = en;
			hasScannedForEncodings = 0;
			knownRegions = (
				en,
				Base,
			);
			mainGroup = E32BCBE12C148D1F000EC75C;
			packageReferences = (
				E39C67102C162CDF001EBB8E /* XCRemoteSwiftPackageReference "SnapKit" */,
			);
			productRefGroup = E32BCBEB2C148D1F000EC75C /* Products */;
			projectDirPath = "";
			projectRoot = "";
			targets = (
				E32BCBE92C148D1F000EC75C /* Project 28 გიორგი მაჩაბლიშვილი */,
			);
		};
/* End PBXProject section */

/* Begin PBXResourcesBuildPhase section */
		E32BCBE82C148D1F000EC75C /* Resources */ = {
			isa = PBXResourcesBuildPhase;
			buildActionMask = 2147483647;
			files = (
				E39C67082C162B2C001EBB8E /* Andika-Bold.ttf in Resources */,
				E39C670A2C162B2C001EBB8E /* Andika-BoldItalic.ttf in Resources */,
				E39C67092C162B2C001EBB8E /* Andika-Regular.ttf in Resources */,
				E32BCBFA2C148D21000EC75C /* LaunchScreen.storyboard in Resources */,
				E39C670B2C162B2C001EBB8E /* Andika-Italic.ttf in Resources */,
				E32BCBF72C148D21000EC75C /* Assets.xcassets in Resources */,
			);
			runOnlyForDeploymentPostprocessing = 0;
		};
/* End PBXResourcesBuildPhase section */

/* Begin PBXSourcesBuildPhase section */
		E32BCBE62C148D1F000EC75C /* Sources */ = {
			isa = PBXSourcesBuildPhase;
			buildActionMask = 2147483647;
			files = (
				E32BCBF22C148D1F000EC75C /* ViewController.swift in Sources */,
				E39C67172C164B83001EBB8E /* HeaderView.swift in Sources */,
				E32BCC062C148F1E000EC75C /* MainViewCell.swift in Sources */,
				E3BFFD8D2C16EF74003FD556 /* OrderApprovViewController.swift in Sources */,
				E32BCC0B2C1490FB000EC75C /* Constraints.swift in Sources */,
				E39C67212C1656EB001EBB8E /* SelectedItemViewController.swift in Sources */,
				E32BCBEE2C148D1F000EC75C /* AppDelegate.swift in Sources */,
				E39C67002C162897001EBB8E /* MenuInfo.swift in Sources */,
				E3F8E8FD2C1794D000F9E56C /* LabelViewCell.swift in Sources */,
				E3BFFD902C1703A1003FD556 /* UIGradient+Extansion.swift in Sources */,
				E3F8E9002C1799A100F9E56C /* CountPriceCell.swift in Sources */,
				E32BCBF02C148D1F000EC75C /* SceneDelegate.swift in Sources */,
				E39C670D2C162BC5001EBB8E /* UIFonts+Extansion.swift in Sources */,
				E39C670F2C162CAF001EBB8E /* UIColor+Extension.swift in Sources */,
				E39C671F2C165563001EBB8E /* Item Info.swift in Sources */,
				E3F8E8FA2C1791F500F9E56C /* ImageCell.swift in Sources */,
			);
			runOnlyForDeploymentPostprocessing = 0;
		};
/* End PBXSourcesBuildPhase section */

/* Begin PBXVariantGroup section */
		E32BCBF82C148D21000EC75C /* LaunchScreen.storyboard */ = {
			isa = PBXVariantGroup;
			children = (
				E32BCBF92C148D21000EC75C /* Base */,
			);
			name = LaunchScreen.storyboard;
			sourceTree = "<group>";
		};
/* End PBXVariantGroup section */

/* Begin XCBuildConfiguration section */
		E32BCBFC2C148D21000EC75C /* Debug */ = {
			isa = XCBuildConfiguration;
			buildSettings = {
				ALWAYS_SEARCH_USER_PATHS = NO;
				ASSETCATALOG_COMPILER_GENERATE_SWIFT_ASSET_SYMBOL_EXTENSIONS = YES;
				CLANG_ANALYZER_NONNULL = YES;
				CLANG_ANALYZER_NUMBER_OBJECT_CONVERSION = YES_AGGRESSIVE;
				CLANG_CXX_LANGUAGE_STANDARD = "gnu++20";
				CLANG_ENABLE_MODULES = YES;
				CLANG_ENABLE_OBJC_ARC = YES;
				CLANG_ENABLE_OBJC_WEAK = YES;
				CLANG_WARN_BLOCK_CAPTURE_AUTORELEASING = YES;
				CLANG_WARN_BOOL_CONVERSION = YES;
				CLANG_WARN_COMMA = YES;
				CLANG_WARN_CONSTANT_CONVERSION = YES;
				CLANG_WARN_DEPRECATED_OBJC_IMPLEMENTATIONS = YES;
				CLANG_WARN_DIRECT_OBJC_ISA_USAGE = YES_ERROR;
				CLANG_WARN_DOCUMENTATION_COMMENTS = YES;
				CLANG_WARN_EMPTY_BODY = YES;
				CLANG_WARN_ENUM_CONVERSION = YES;
				CLANG_WARN_INFINITE_RECURSION = YES;
				CLANG_WARN_INT_CONVERSION = YES;
				CLANG_WARN_NON_LITERAL_NULL_CONVERSION = YES;
				CLANG_WARN_OBJC_IMPLICIT_RETAIN_SELF = YES;
				CLANG_WARN_OBJC_LITERAL_CONVERSION = YES;
				CLANG_WARN_OBJC_ROOT_CLASS = YES_ERROR;
				CLANG_WARN_QUOTED_INCLUDE_IN_FRAMEWORK_HEADER = YES;
				CLANG_WARN_RANGE_LOOP_ANALYSIS = YES;
				CLANG_WARN_STRICT_PROTOTYPES = YES;
				CLANG_WARN_SUSPICIOUS_MOVE = YES;
				CLANG_WARN_UNGUARDED_AVAILABILITY = YES_AGGRESSIVE;
				CLANG_WARN_UNREACHABLE_CODE = YES;
				CLANG_WARN__DUPLICATE_METHOD_MATCH = YES;
				COPY_PHASE_STRIP = NO;
				DEBUG_INFORMATION_FORMAT = dwarf;
				ENABLE_STRICT_OBJC_MSGSEND = YES;
				ENABLE_TESTABILITY = YES;
				ENABLE_USER_SCRIPT_SANDBOXING = YES;
				GCC_C_LANGUAGE_STANDARD = gnu17;
				GCC_DYNAMIC_NO_PIC = NO;
				GCC_NO_COMMON_BLOCKS = YES;
				GCC_OPTIMIZATION_LEVEL = 0;
				GCC_PREPROCESSOR_DEFINITIONS = (
					"DEBUG=1",
					"$(inherited)",
				);
				GCC_WARN_64_TO_32_BIT_CONVERSION = YES;
				GCC_WARN_ABOUT_RETURN_TYPE = YES_ERROR;
				GCC_WARN_UNDECLARED_SELECTOR = YES;
				GCC_WARN_UNINITIALIZED_AUTOS = YES_AGGRESSIVE;
				GCC_WARN_UNUSED_FUNCTION = YES;
				GCC_WARN_UNUSED_VARIABLE = YES;
				IPHONEOS_DEPLOYMENT_TARGET = 17.2;
				LOCALIZATION_PREFERS_STRING_CATALOGS = YES;
				MTL_ENABLE_DEBUG_INFO = INCLUDE_SOURCE;
				MTL_FAST_MATH = YES;
				ONLY_ACTIVE_ARCH = YES;
				SDKROOT = iphoneos;
				SWIFT_ACTIVE_COMPILATION_CONDITIONS = "DEBUG $(inherited)";
				SWIFT_OPTIMIZATION_LEVEL = "-Onone";
			};
			name = Debug;
		};
		E32BCBFD2C148D21000EC75C /* Release */ = {
			isa = XCBuildConfiguration;
			buildSettings = {
				ALWAYS_SEARCH_USER_PATHS = NO;
				ASSETCATALOG_COMPILER_GENERATE_SWIFT_ASSET_SYMBOL_EXTENSIONS = YES;
				CLANG_ANALYZER_NONNULL = YES;
				CLANG_ANALYZER_NUMBER_OBJECT_CONVERSION = YES_AGGRESSIVE;
				CLANG_CXX_LANGUAGE_STANDARD = "gnu++20";
				CLANG_ENABLE_MODULES = YES;
				CLANG_ENABLE_OBJC_ARC = YES;
				CLANG_ENABLE_OBJC_WEAK = YES;
				CLANG_WARN_BLOCK_CAPTURE_AUTORELEASING = YES;
				CLANG_WARN_BOOL_CONVERSION = YES;
				CLANG_WARN_COMMA = YES;
				CLANG_WARN_CONSTANT_CONVERSION = YES;
				CLANG_WARN_DEPRECATED_OBJC_IMPLEMENTATIONS = YES;
				CLANG_WARN_DIRECT_OBJC_ISA_USAGE = YES_ERROR;
				CLANG_WARN_DOCUMENTATION_COMMENTS = YES;
				CLANG_WARN_EMPTY_BODY = YES;
				CLANG_WARN_ENUM_CONVERSION = YES;
				CLANG_WARN_INFINITE_RECURSION = YES;
				CLANG_WARN_INT_CONVERSION = YES;
				CLANG_WARN_NON_LITERAL_NULL_CONVERSION = YES;
				CLANG_WARN_OBJC_IMPLICIT_RETAIN_SELF = YES;
				CLANG_WARN_OBJC_LITERAL_CONVERSION = YES;
				CLANG_WARN_OBJC_ROOT_CLASS = YES_ERROR;
				CLANG_WARN_QUOTED_INCLUDE_IN_FRAMEWORK_HEADER = YES;
				CLANG_WARN_RANGE_LOOP_ANALYSIS = YES;
				CLANG_WARN_STRICT_PROTOTYPES = YES;
				CLANG_WARN_SUSPICIOUS_MOVE = YES;
				CLANG_WARN_UNGUARDED_AVAILABILITY = YES_AGGRESSIVE;
				CLANG_WARN_UNREACHABLE_CODE = YES;
				CLANG_WARN__DUPLICATE_METHOD_MATCH = YES;
				COPY_PHASE_STRIP = NO;
				DEBUG_INFORMATION_FORMAT = "dwarf-with-dsym";
				ENABLE_NS_ASSERTIONS = NO;
				ENABLE_STRICT_OBJC_MSGSEND = YES;
				ENABLE_USER_SCRIPT_SANDBOXING = YES;
				GCC_C_LANGUAGE_STANDARD = gnu17;
				GCC_NO_COMMON_BLOCKS = YES;
				GCC_WARN_64_TO_32_BIT_CONVERSION = YES;
				GCC_WARN_ABOUT_RETURN_TYPE = YES_ERROR;
				GCC_WARN_UNDECLARED_SELECTOR = YES;
				GCC_WARN_UNINITIALIZED_AUTOS = YES_AGGRESSIVE;
				GCC_WARN_UNUSED_FUNCTION = YES;
				GCC_WARN_UNUSED_VARIABLE = YES;
				IPHONEOS_DEPLOYMENT_TARGET = 17.2;
				LOCALIZATION_PREFERS_STRING_CATALOGS = YES;
				MTL_ENABLE_DEBUG_INFO = NO;
				MTL_FAST_MATH = YES;
				SDKROOT = iphoneos;
				SWIFT_COMPILATION_MODE = wholemodule;
				VALIDATE_PRODUCT = YES;
			};
			name = Release;
		};
		E32BCBFF2C148D21000EC75C /* Debug */ = {
			isa = XCBuildConfiguration;
			buildSettings = {
				ASSETCATALOG_COMPILER_APPICON_NAME = AppIcon;
				ASSETCATALOG_COMPILER_GLOBAL_ACCENT_COLOR_NAME = AccentColor;
				CODE_SIGN_STYLE = Automatic;
				CURRENT_PROJECT_VERSION = 1;
				GENERATE_INFOPLIST_FILE = YES;
				INFOPLIST_FILE = "Project 28 გიორგი მაჩაბლიშვილი/Info.plist";
				INFOPLIST_KEY_LSApplicationCategoryType = "";
				INFOPLIST_KEY_UIApplicationSupportsIndirectInputEvents = YES;
				INFOPLIST_KEY_UILaunchStoryboardName = LaunchScreen;
				INFOPLIST_KEY_UISupportedInterfaceOrientations_iPad = "UIInterfaceOrientationPortrait UIInterfaceOrientationPortraitUpsideDown UIInterfaceOrientationLandscapeLeft UIInterfaceOrientationLandscapeRight";
				INFOPLIST_KEY_UISupportedInterfaceOrientations_iPhone = "UIInterfaceOrientationPortrait UIInterfaceOrientationLandscapeLeft UIInterfaceOrientationLandscapeRight";
				LD_RUNPATH_SEARCH_PATHS = (
					"$(inherited)",
					"@executable_path/Frameworks",
				);
				MARKETING_VERSION = 1.0;
				PRODUCT_BUNDLE_IDENTIFIER = "-0.Project-28--------------------";
				PRODUCT_NAME = "$(TARGET_NAME)";
				SWIFT_EMIT_LOC_STRINGS = YES;
				SWIFT_VERSION = 5.0;
				TARGETED_DEVICE_FAMILY = "1,2";
			};
			name = Debug;
		};
		E32BCC002C148D21000EC75C /* Release */ = {
			isa = XCBuildConfiguration;
			buildSettings = {
				ASSETCATALOG_COMPILER_APPICON_NAME = AppIcon;
				ASSETCATALOG_COMPILER_GLOBAL_ACCENT_COLOR_NAME = AccentColor;
				CODE_SIGN_STYLE = Automatic;
				CURRENT_PROJECT_VERSION = 1;
				GENERATE_INFOPLIST_FILE = YES;
				INFOPLIST_FILE = "Project 28 გიორგი მაჩაბლიშვილი/Info.plist";
				INFOPLIST_KEY_LSApplicationCategoryType = "";
				INFOPLIST_KEY_UIApplicationSupportsIndirectInputEvents = YES;
				INFOPLIST_KEY_UILaunchStoryboardName = LaunchScreen;
				INFOPLIST_KEY_UISupportedInterfaceOrientations_iPad = "UIInterfaceOrientationPortrait UIInterfaceOrientationPortraitUpsideDown UIInterfaceOrientationLandscapeLeft UIInterfaceOrientationLandscapeRight";
				INFOPLIST_KEY_UISupportedInterfaceOrientations_iPhone = "UIInterfaceOrientationPortrait UIInterfaceOrientationLandscapeLeft UIInterfaceOrientationLandscapeRight";
				LD_RUNPATH_SEARCH_PATHS = (
					"$(inherited)",
					"@executable_path/Frameworks",
				);
				MARKETING_VERSION = 1.0;
				PRODUCT_BUNDLE_IDENTIFIER = "-0.Project-28--------------------";
				PRODUCT_NAME = "$(TARGET_NAME)";
				SWIFT_EMIT_LOC_STRINGS = YES;
				SWIFT_VERSION = 5.0;
				TARGETED_DEVICE_FAMILY = "1,2";
			};
			name = Release;
		};
/* End XCBuildConfiguration section */

/* Begin XCConfigurationList section */
		E32BCBE52C148D1F000EC75C /* Build configuration list for PBXProject "Project 28 გიორგი მაჩაბლიშვილი" */ = {
			isa = XCConfigurationList;
			buildConfigurations = (
				E32BCBFC2C148D21000EC75C /* Debug */,
				E32BCBFD2C148D21000EC75C /* Release */,
			);
			defaultConfigurationIsVisible = 0;
			defaultConfigurationName = Release;
		};
		E32BCBFE2C148D21000EC75C /* Build configuration list for PBXNativeTarget "Project 28 გიორგი მაჩაბლიშვილი" */ = {
			isa = XCConfigurationList;
			buildConfigurations = (
				E32BCBFF2C148D21000EC75C /* Debug */,
				E32BCC002C148D21000EC75C /* Release */,
			);
			defaultConfigurationIsVisible = 0;
			defaultConfigurationName = Release;
		};
/* End XCConfigurationList section */

/* Begin XCRemoteSwiftPackageReference section */
		E39C67102C162CDF001EBB8E /* XCRemoteSwiftPackageReference "SnapKit" */ = {
			isa = XCRemoteSwiftPackageReference;
			repositoryURL = "https://github.com/SnapKit/SnapKit";
			requirement = {
				kind = upToNextMajorVersion;
				minimumVersion = 5.7.1;
			};
		};
/* End XCRemoteSwiftPackageReference section */

/* Begin XCSwiftPackageProductDependency section */
		E39C67112C162CDF001EBB8E /* SnapKit */ = {
			isa = XCSwiftPackageProductDependency;
			package = E39C67102C162CDF001EBB8E /* XCRemoteSwiftPackageReference "SnapKit" */;
			productName = SnapKit;
		};
		E39C67132C162CDF001EBB8E /* SnapKit-Dynamic */ = {
			isa = XCSwiftPackageProductDependency;
			package = E39C67102C162CDF001EBB8E /* XCRemoteSwiftPackageReference "SnapKit" */;
			productName = "SnapKit-Dynamic";
		};
/* End XCSwiftPackageProductDependency section */
	};
	rootObject = E32BCBE22C148D1F000EC75C /* Project object */;
}
